
Microsoft Visual Studio Solution File, Format Version 12.00
# Visual Studio Version 16
VisualStudioVersion = 16.0.30621.155
MinimumVisualStudioVersion = 10.0.40219.1
Project("{FAE04EC0-301F-11D3-BF4B-00C04F79EFBC}") = "Vj 1", "Vj 1.csproj", "{6B9B8725-23A6-4AE5-A824-19F06FDFD27D}"
EndProject
Global
	GlobalSection(SolutionConfigurationPlatforms) = preSolution
		Debug|Any CPU = Debug|Any CPU
		Release|Any CPU = Release|Any CPU
	EndGlobalSection
	GlobalSection(ProjectConfigurationPlatforms) = postSolution
		{6B9B8725-23A6-4AE5-A824-19F06FDFD27D}.Debug|Any CPU.ActiveCfg = Debug|Any CPU
		{6B9B8725-23A6-4AE5-A824-19F06FDFD27D}.Debug|Any CPU.Build.0 = Debug|Any CPU
		{6B9B8725-23A6-4AE5-A824-19F06FDFD27D}.Release|Any CPU.ActiveCfg = Release|Any CPU
		{6B9B8725-23A6-4AE5-A824-19F06FDFD27D}.Release|Any CPU.Build.0 = Release|Any CPU
	EndGlobalSection
	GlobalSection(SolutionProperties) = preSolution
		HideSolutionNode = FALSE
	EndGlobalSection
	GlobalSection(ExtensibilityGlobals) = postSolution
		SolutionGuid = {39A89A44-3AEF-48C2-84C2-D83C47755D4B}
	EndGlobalSection
EndGlobal
